
Microsoft Visual Studio Solution File, Format Version 12.00
# Visual Studio 2012
Project("{FAE04EC0-301F-11D3-BF4B-00C04F79EFBC}") = "ConsoleApplication48", "ConsoleApplication48\ConsoleApplication48.csproj", "{B79C7DDE-6AB7-4FD3-8A70-273F31F9ABE1}"
EndProject
Global
	GlobalSection(SolutionConfigurationPlatforms) = preSolution
		Debug|Any CPU = Debug|Any CPU
		Release|Any CPU = Release|Any CPU
	EndGlobalSection
	GlobalSection(ProjectConfigurationPlatforms) = postSolution
		{B79C7DDE-6AB7-4FD3-8A70-273F31F9ABE1}.Debug|Any CPU.ActiveCfg = Debug|Any CPU
		{B79C7DDE-6AB7-4FD3-8A70-273F31F9ABE1}.Debug|Any CPU.Build.0 = Debug|Any CPU
		{B79C7DDE-6AB7-4FD3-8A70-273F31F9ABE1}.Release|Any CPU.ActiveCfg = Release|Any CPU
		{B79C7DDE-6AB7-4FD3-8A70-273F31F9ABE1}.Release|Any CPU.Build.0 = Release|Any CPU
	EndGlobalSection
	GlobalSection(SolutionProperties) = preSolution
		HideSolutionNode = FALSE
	EndGlobalSection
EndGlobal
